{
  "name": "tlru",
  "version": "1.1.1",
  "lockfileVersion": 2,
  "requires": true,
  "packages": {
    "": {
      "name": "tlru",
      "version": "1.1.1",
      "license": "MIT",
      "dependencies": {
        "fun-dispatcher": "^1.2.6"
      },
      "devDependencies": {
        "@types/node": "24",
        "@typescript/native-preview": "latest",
        "oxfmt": ">=0.24.0",
        "oxlint": "^1.39.0",
        "oxlint-tsgolint": ">=0.11.1"
      },
      "engines": {
        "node": ">=18"
      }
    },
    "node_modules/@oxfmt/darwin-arm64": {
      "version": "0.24.0",
      "resolved": "https://registry.npmjs.org/@oxfmt/darwin-arm64/-/darwin-arm64-0.24.0.tgz",
      "integrity": "sha512-aYXuGf/yq8nsyEcHindGhiz9I+GEqLkVq8CfPbd+6VE259CpPEH+CaGHEO1j6vIOmNr8KHRq+IAjeRO2uJpb8A==",
      "cpu": [
        "arm64"
      ],
      "dev": true,
      "license": "MIT",
      "optional": true,
      "os": [
        "darwin"
      ]
    },
    "node_modules/@oxfmt/darwin-x64": {
      "version": "0.24.0",
      "resolved": "https://registry.npmjs.org/@oxfmt/darwin-x64/-/darwin-x64-0.24.0.tgz",
      "integrity": "sha512-vs3b8Bs53hbiNvcNeBilzE/+IhDTWKjSBB3v/ztr664nZk65j0xr+5IHMBNz3CFppmX7o/aBta2PxY+t+4KoPg==",
      "cpu": [
        "x64"
      ],
      "dev": true,
      "license": "MIT",
      "optional": true,
      "os": [
        "darwin"
      ]
    },
    "node_modules/@oxfmt/linux-arm64-gnu": {
      "version": "0.24.0",
      "resolved": "https://registry.npmjs.org/@oxfmt/linux-arm64-gnu/-/linux-arm64-gnu-0.24.0.tgz",
      "integrity": "sha512-ItPDOPoQ0wLj/s8osc5ch57uUcA1Wk8r0YdO8vLRpXA3UNg7KPOm1vdbkIZRRiSUphZcuX5ioOEetEK8H7RlTw==",
      "cpu": [
        "arm64"
      ],
      "dev": true,
      "license": "MIT",
      "optional": true,
      "os": [
        "linux"
      ]
    },
    "node_modules/@oxfmt/linux-arm64-musl": {
      "version": "0.24.0",
      "resolved": "https://registry.npmjs.org/@oxfmt/linux-arm64-musl/-/linux-arm64-musl-0.24.0.tgz",
      "integrity": "sha512-JkQO3WnQjQTJONx8nxdgVBfl6BBFfpp9bKhChYhWeakwJdr7QPOAWJ/v3FGZfr0TbqINwnNR74aVZayDDRyXEA==",
      "cpu": [
        "arm64"
      ],
      "dev": true,
      "license": "MIT",
      "optional": true,
      "os": [
        "linux"
      ]
    },
    "node_modules/@oxfmt/linux-x64-gnu": {
      "version": "0.24.0",
      "resolved": "https://registry.npmjs.org/@oxfmt/linux-x64-gnu/-/linux-x64-gnu-0.24.0.tgz",
      "integrity": "sha512-N/SXlFO+2kak5gMt0oxApi0WXQDhwA0PShR0UbkY0PwtHjfSiDqJSOumyNqgQVoroKr1GNnoRmUqjZIz6DKIcw==",
      "cpu": [
        "x64"
      ],
      "dev": true,
      "license": "MIT",
      "optional": true,
      "os": [
        "linux"
      ]
    },
    "node_modules/@oxfmt/linux-x64-musl": {
      "version": "0.24.0",
      "resolved": "https://registry.npmjs.org/@oxfmt/linux-x64-musl/-/linux-x64-musl-0.24.0.tgz",
      "integrity": "sha512-WM0pek5YDCQf50XQ7GLCE9sMBCMPW/NPAEPH/Hx6Qyir37lEsP4rUmSECo/QFNTU6KBc9NnsviAyJruWPpCMXw==",
      "cpu": [
        "x64"
      ],
      "dev": true,
      "license": "MIT",
      "optional": true,
      "os": [
        "linux"
      ]
    },
    "node_modules/@oxfmt/win32-arm64": {
      "version": "0.24.0",
      "resolved": "https://registry.npmjs.org/@oxfmt/win32-arm64/-/win32-arm64-0.24.0.tgz",
      "integrity": "sha512-vFCseli1KWtwdHrVlT/jWfZ8jP8oYpnPPEjI23mPLW8K/6GEJmmvy0PZP5NpWUFNTzX0lqie58XnrATJYAe9Xw==",
      "cpu": [
        "arm64"
      ],
      "dev": true,
      "license": "MIT",
      "optional": true,
      "os": [
        "win32"
      ]
    },
    "node_modules/@oxfmt/win32-x64": {
      "version": "0.24.0",
      "resolved": "https://registry.npmjs.org/@oxfmt/win32-x64/-/win32-x64-0.24.0.tgz",
      "integrity": "sha512-0tmlNzcyewAnauNeBCq0xmAkmiKzl+H09p0IdHy+QKrTQdtixtf+AOjDAADbRfihkS+heF15Pjc4IyJMdAAJjw==",
      "cpu": [
        "x64"
      ],
      "dev": true,
      "license": "MIT",
      "optional": true,
      "os": [
        "win32"
      ]
    },
    "node_modules/@oxlint-tsgolint/darwin-arm64": {
      "version": "0.11.1",
      "resolved": "https://registry.npmjs.org/@oxlint-tsgolint/darwin-arm64/-/darwin-arm64-0.11.1.tgz",
      "integrity": "sha512-UJIOFeJZpFTJIGS+bMdFXcvjslvnXBEouMvzynfQD7RTazcFIRLbokYgEbhrN2P6B352Ut1TUtvR0CLAp/9QfA==",
      "cpu": [
        "arm64"
      ],
      "dev": true,
      "license": "MIT",
      "optional": true,
      "os": [
        "darwin"
      ]
    },
    "node_modules/@oxlint-tsgolint/darwin-x64": {
      "version": "0.11.1",
      "resolved": "https://registry.npmjs.org/@oxlint-tsgolint/darwin-x64/-/darwin-x64-0.11.1.tgz",
      "integrity": "sha512-68O8YvexIm+ISZKl2vBFII1dMfLrteDyPcuCIecDuiBIj2tV0KYq13zpSCMz4dvJUWJW6RmOOGZKrkkvOAy6uQ==",
      "cpu": [
        "x64"
      ],
      "dev": true,
      "license": "MIT",
      "optional": true,
      "os": [
        "darwin"
      ]
    },
    "node_modules/@oxlint-tsgolint/linux-arm64": {
      "version": "0.11.1",
      "resolved": "https://registry.npmjs.org/@oxlint-tsgolint/linux-arm64/-/linux-arm64-0.11.1.tgz",
      "integrity": "sha512-hXBInrFxPNbPPbPQYozo8YpSsFFYdtHBWRUiLMxul71vTy1CdSA7H5Qq2KbrKomr/ASmhvIDVAQZxh9hIJNHMA==",
      "cpu": [
        "arm64"
      ],
      "dev": true,
      "license": "MIT",
      "optional": true,
      "os": [
        "linux"
      ]
    },
    "node_modules/@oxlint-tsgolint/linux-x64": {
      "version": "0.11.1",
      "resolved": "https://registry.npmjs.org/@oxlint-tsgolint/linux-x64/-/linux-x64-0.11.1.tgz",
      "integrity": "sha512-aMaGctlwrJhaIQPOdVJR+AGHZGPm4D1pJ457l0SqZt4dLXAhuUt2ene6cUUGF+864R7bDyFVGZqbZHODYpENyA==",
      "cpu": [
        "x64"
      ],
      "dev": true,
      "license": "MIT",
      "optional": true,
      "os": [
        "linux"
      ]
    },
    "node_modules/@oxlint-tsgolint/win32-arm64": {
      "version": "0.11.1",
      "resolved": "https://registry.npmjs.org/@oxlint-tsgolint/win32-arm64/-/win32-arm64-0.11.1.tgz",
      "integrity": "sha512-ipOs6kKo8fz5n5LSHvcbyZFmEpEIsh2m7+B03RW3jGjBEPMiXb4PfKNuxnusFYTtJM9WaR3bCVm5UxeJTA8r3w==",
      "cpu": [
        "arm64"
      ],
      "dev": true,
      "license": "MIT",
      "optional": true,
      "os": [
        "win32"
      ]
    },
    "node_modules/@oxlint-tsgolint/win32-x64": {
      "version": "0.11.1",
      "resolved": "https://registry.npmjs.org/@oxlint-tsgolint/win32-x64/-/win32-x64-0.11.1.tgz",
      "integrity": "sha512-m2apsAXg6qU3ulQG45W/qshyEpOjoL+uaQyXJG5dBoDoa66XPtCaSkBlKltD0EwGu0aoB8lM4I5I3OzQ6raNhw==",
      "cpu": [
        "x64"
      ],
      "dev": true,
      "license": "MIT",
      "optional": true,
      "os": [
        "win32"
      ]
    },
    "node_modules/@oxlint/darwin-arm64": {
      "version": "1.39.0",
      "resolved": "https://registry.npmjs.org/@oxlint/darwin-arm64/-/darwin-arm64-1.39.0.tgz",
      "integrity": "sha512-lT3hNhIa02xCujI6YGgjmYGg3Ht/X9ag5ipUVETaMpx5Rd4BbTNWUPif1WN1YZHxt3KLCIqaAe7zVhatv83HOQ==",
      "cpu": [
        "arm64"
      ],
      "dev": true,
      "license": "MIT",
      "optional": true,
      "os": [
        "darwin"
      ]
    },
    "node_modules/@oxlint/darwin-x64": {
      "version": "1.39.0",
      "resolved": "https://registry.npmjs.org/@oxlint/darwin-x64/-/darwin-x64-1.39.0.tgz",
      "integrity": "sha512-UT+rfTWd+Yr7iJeSLd/7nF8X4gTYssKh+n77hxl6Oilp3NnG1CKRHxZDy3o3lIBnwgzJkdyUAiYWO1bTMXQ1lA==",
      "cpu": [
        "x64"
      ],
      "dev": true,
      "license": "MIT",
      "optional": true,
      "os": [
        "darwin"
      ]
    },
    "node_modules/@oxlint/linux-arm64-gnu": {
      "version": "1.39.0",
      "resolved": "https://registry.npmjs.org/@oxlint/linux-arm64-gnu/-/linux-arm64-gnu-1.39.0.tgz",
      "integrity": "sha512-qocBkvS2V6rH0t9AT3DfQunMnj3xkM7srs5/Ycj2j5ZqMoaWd/FxHNVJDFP++35roKSvsRJoS0mtA8/77jqm6Q==",
      "cpu": [
        "arm64"
      ],
      "dev": true,
      "license": "MIT",
      "optional": true,
      "os": [
        "linux"
      ]
    },
    "node_modules/@oxlint/linux-arm64-musl": {
      "version": "1.39.0",
      "resolved": "https://registry.npmjs.org/@oxlint/linux-arm64-musl/-/linux-arm64-musl-1.39.0.tgz",
      "integrity": "sha512-arZzAc1PPcz9epvGBBCMHICeyQloKtHX3eoOe62B3Dskn7gf6Q14wnDHr1r9Vp4vtcBATNq6HlKV14smdlC/qA==",
      "cpu": [
        "arm64"
      ],
      "dev": true,
      "license": "MIT",
      "optional": true,
      "os": [
        "linux"
      ]
    },
    "node_modules/@oxlint/linux-x64-gnu": {
      "version": "1.39.0",
      "resolved": "https://registry.npmjs.org/@oxlint/linux-x64-gnu/-/linux-x64-gnu-1.39.0.tgz",
      "integrity": "sha512-ZVt5qsECpuNprdWxAPpDBwoixr1VTcZ4qAEQA2l/wmFyVPDYFD3oBY/SWACNnWBddMrswjTg9O8ALxYWoEpmXw==",
      "cpu": [
        "x64"
      ],
      "dev": true,
      "license": "MIT",
      "optional": true,
      "os": [
        "linux"
      ]
    },
    "node_modules/@oxlint/linux-x64-musl": {
      "version": "1.39.0",
      "resolved": "https://registry.npmjs.org/@oxlint/linux-x64-musl/-/linux-x64-musl-1.39.0.tgz",
      "integrity": "sha512-pB0hlGyKPbxr9NMIV783lD6cWL3MpaqnZRM9MWni4yBdHPTKyFNYdg5hGD0Bwg+UP4S2rOevq/+OO9x9Bi7E6g==",
      "cpu": [
        "x64"
      ],
      "dev": true,
      "license": "MIT",
      "optional": true,
      "os": [
        "linux"
      ]
    },
    "node_modules/@oxlint/win32-arm64": {
      "version": "1.39.0",
      "resolved": "https://registry.npmjs.org/@oxlint/win32-arm64/-/win32-arm64-1.39.0.tgz",
      "integrity": "sha512-Gg2SFaJohI9+tIQVKXlPw3FsPQFi/eCSWiCgwPtPn5uzQxHRTeQEZKuluz1fuzR5U70TXubb2liZi4Dgl8LJQA==",
      "cpu": [
        "arm64"
      ],
      "dev": true,
      "license": "MIT",
      "optional": true,
      "os": [
        "win32"
      ]
    },
    "node_modules/@oxlint/win32-x64": {
      "version": "1.39.0",
      "resolved": "https://registry.npmjs.org/@oxlint/win32-x64/-/win32-x64-1.39.0.tgz",
      "integrity": "sha512-sbi25lfj74hH+6qQtb7s1wEvd1j8OQbTaH8v3xTcDjrwm579Cyh0HBv1YSZ2+gsnVwfVDiCTL1D0JsNqYXszVA==",
      "cpu": [
        "x64"
      ],
      "dev": true,
      "license": "MIT",
      "optional": true,
      "os": [
        "win32"
      ]
    },
    "node_modules/@types/node": {
      "version": "24.10.9",
      "resolved": "https://registry.npmjs.org/@types/node/-/node-24.10.9.tgz",
      "integrity": "sha512-ne4A0IpG3+2ETuREInjPNhUGis1SFjv1d5asp8MzEAGtOZeTeHVDOYqOgqfhvseqg/iXty2hjBf1zAOb7RNiNw==",
      "dev": true,
      "license": "MIT",
      "dependencies": {
        "undici-types": "~7.16.0"
      }
    },
    "node_modules/@typescript/native-preview": {
      "version": "7.0.0-dev.20260117.1",
      "resolved": "https://registry.npmjs.org/@typescript/native-preview/-/native-preview-7.0.0-dev.20260117.1.tgz",
      "integrity": "sha512-5peFvGyf+TOlU6KYMLzfPiPJdxYwG0O/oQN4Z+EzDOzrN8tbY/H58+QOQww4Lo8m4b7+4o/0r+zopD/sYR6uMw==",
      "dev": true,
      "license": "Apache-2.0",
      "bin": {
        "tsgo": "bin/tsgo.js"
      },
      "optionalDependencies": {
        "@typescript/native-preview-darwin-arm64": "7.0.0-dev.20260117.1",
        "@typescript/native-preview-darwin-x64": "7.0.0-dev.20260117.1",
        "@typescript/native-preview-linux-arm": "7.0.0-dev.20260117.1",
        "@typescript/native-preview-linux-arm64": "7.0.0-dev.20260117.1",
        "@typescript/native-preview-linux-x64": "7.0.0-dev.20260117.1",
        "@typescript/native-preview-win32-arm64": "7.0.0-dev.20260117.1",
        "@typescript/native-preview-win32-x64": "7.0.0-dev.20260117.1"
      }
    },
    "node_modules/@typescript/native-preview-darwin-arm64": {
      "version": "7.0.0-dev.20260117.1",
      "resolved": "https://registry.npmjs.org/@typescript/native-preview-darwin-arm64/-/native-preview-darwin-arm64-7.0.0-dev.20260117.1.tgz",
      "integrity": "sha512-sf8/7keXq1auS7XI0vyAs3t/vgss4/EwACZmzSYtO75dug8TRmuSQDPHxx4R16VURijO/GQ3Bz6rA8VivREzsA==",
      "cpu": [
        "arm64"
      ],
      "dev": true,
      "license": "Apache-2.0",
      "optional": true,
      "os": [
        "darwin"
      ]
    },
    "node_modules/@typescript/native-preview-darwin-x64": {
      "version": "7.0.0-dev.20260117.1",
      "resolved": "https://registry.npmjs.org/@typescript/native-preview-darwin-x64/-/native-preview-darwin-x64-7.0.0-dev.20260117.1.tgz",
      "integrity": "sha512-3DhQdRUbDq7YduIaRYJtH5MXqCzOry+GT4DjkLPJ08vOGOFypZjgd6G+moEQHgitnefisC1PkNcL1baF4B7+og==",
      "cpu": [
        "x64"
      ],
      "dev": true,
      "license": "Apache-2.0",
      "optional": true,
      "os": [
        "darwin"
      ]
    },
    "node_modules/@typescript/native-preview-linux-arm": {
      "version": "7.0.0-dev.20260117.1",
      "resolved": "https://registry.npmjs.org/@typescript/native-preview-linux-arm/-/native-preview-linux-arm-7.0.0-dev.20260117.1.tgz",
      "integrity": "sha512-RKSKINs23agj0MJJ2Tzkhe/MuwhcPqRNRRfLmpVRjrNWI43Ta6a5+5Lah+7GYjt00wHUOhay94ZT3iHJkeHATg==",
      "cpu": [
        "arm"
      ],
      "dev": true,
      "license": "Apache-2.0",
      "optional": true,
      "os": [
        "linux"
      ]
    },
    "node_modules/@typescript/native-preview-linux-arm64": {
      "version": "7.0.0-dev.20260117.1",
      "resolved": "https://registry.npmjs.org/@typescript/native-preview-linux-arm64/-/native-preview-linux-arm64-7.0.0-dev.20260117.1.tgz",
      "integrity": "sha512-R9h8cX5C0yBtE8xnpAxZBSHWPiVW3d5o3mup0ei1n/8w98lwtMFLWURnPD8N4kRgql9L40IbRXW6jqWdjDUe4Q==",
      "cpu": [
        "arm64"
      ],
      "dev": true,
      "license": "Apache-2.0",
      "optional": true,
      "os": [
        "linux"
      ]
    },
    "node_modules/@typescript/native-preview-linux-x64": {
      "version": "7.0.0-dev.20260117.1",
      "resolved": "https://registry.npmjs.org/@typescript/native-preview-linux-x64/-/native-preview-linux-x64-7.0.0-dev.20260117.1.tgz",
      "integrity": "sha512-KI5UprUMIVT4wehBcbGZQm0I3z1uls8fsOmCUzdEpmaLpVu8NbTahgJPVtMyS/nDUiN3At4Uj8ciL36kgbqRmQ==",
      "cpu": [
        "x64"
      ],
      "dev": true,
      "license": "Apache-2.0",
      "optional": true,
      "os": [
        "linux"
      ]
    },
    "node_modules/@typescript/native-preview-win32-arm64": {
      "version": "7.0.0-dev.20260117.1",
      "resolved": "https://registry.npmjs.org/@typescript/native-preview-win32-arm64/-/native-preview-win32-arm64-7.0.0-dev.20260117.1.tgz",
      "integrity": "sha512-dUJTLMD24TQ4XiyYAxxqKs6hPrq8wS9BiFt+ucjCuWXBGQLbnfiT4bgYz2a4yfbtyxVkG7mxV8udo+gRXtaWRQ==",
      "cpu": [
        "arm64"
      ],
      "dev": true,
      "license": "Apache-2.0",
      "optional": true,
      "os": [
        "win32"
      ]
    },
    "node_modules/@typescript/native-preview-win32-x64": {
      "version": "7.0.0-dev.20260117.1",
      "resolved": "https://registry.npmjs.org/@typescript/native-preview-win32-x64/-/native-preview-win32-x64-7.0.0-dev.20260117.1.tgz",
      "integrity": "sha512-SdKCAtNZee2TMdZ/bGjfKWX43qIAZhBwLlkPU1G0uxKqmDG1mVRbg/krxm5MnKOjFL00X/gozth6d3LmimonnA==",
      "cpu": [
        "x64"
      ],
      "dev": true,
      "license": "Apache-2.0",
      "optional": true,
      "os": [
        "win32"
      ]
    },
    "node_modules/fun-dispatcher": {
      "version": "1.2.6",
      "resolved": "https://registry.npmjs.org/fun-dispatcher/-/fun-dispatcher-1.2.6.tgz",
      "integrity": "sha512-lw6LoVrReV6qlaADvy0ua9a1f3W9qGLd8BBfLnzIV0YCfZd3jo5caZsgBBGOw/tO50P783iFEK8aTSwtQ67KDQ==",
      "engines": {
        "node": ">=12.1"
      }
    },
    "node_modules/oxfmt": {
      "version": "0.24.0",
      "resolved": "https://registry.npmjs.org/oxfmt/-/oxfmt-0.24.0.tgz",
      "integrity": "sha512-UjeM3Peez8Tl7IJ9s5UwAoZSiDRMww7BEc21gDYxLq3S3/KqJnM3mjNxsoSHgmBvSeX6RBhoVc2MfC/+96RdSw==",
      "dev": true,
      "license": "MIT",
      "dependencies": {
        "tinypool": "2.0.0"
      },
      "bin": {
        "oxfmt": "bin/oxfmt"
      },
      "engines": {
        "node": "^20.19.0 || >=22.12.0"
      },
      "funding": {
        "url": "https://github.com/sponsors/Boshen"
      },
      "optionalDependencies": {
        "@oxfmt/darwin-arm64": "0.24.0",
        "@oxfmt/darwin-x64": "0.24.0",
        "@oxfmt/linux-arm64-gnu": "0.24.0",
        "@oxfmt/linux-arm64-musl": "0.24.0",
        "@oxfmt/linux-x64-gnu": "0.24.0",
        "@oxfmt/linux-x64-musl": "0.24.0",
        "@oxfmt/win32-arm64": "0.24.0",
        "@oxfmt/win32-x64": "0.24.0"
      }
    },
    "node_modules/oxlint": {
      "version": "1.39.0",
      "resolved": "https://registry.npmjs.org/oxlint/-/oxlint-1.39.0.tgz",
      "integrity": "sha512-wSiLr0wjG+KTU6c1LpVoQk7JZ7l8HCKlAkVDVTJKWmCGazsNxexxnOXl7dsar92mQcRnzko5g077ggP3RINSjA==",
      "dev": true,
      "license": "MIT",
      "bin": {
        "oxlint": "bin/oxlint"
      },
      "engines": {
        "node": "^20.19.0 || >=22.12.0"
      },
      "funding": {
        "url": "https://github.com/sponsors/Boshen"
      },
      "optionalDependencies": {
        "@oxlint/darwin-arm64": "1.39.0",
        "@oxlint/darwin-x64": "1.39.0",
        "@oxlint/linux-arm64-gnu": "1.39.0",
        "@oxlint/linux-arm64-musl": "1.39.0",
        "@oxlint/linux-x64-gnu": "1.39.0",
        "@oxlint/linux-x64-musl": "1.39.0",
        "@oxlint/win32-arm64": "1.39.0",
        "@oxlint/win32-x64": "1.39.0"
      },
      "peerDependencies": {
        "oxlint-tsgolint": ">=0.10.0"
      },
      "peerDependenciesMeta": {
        "oxlint-tsgolint": {
          "optional": true
        }
      }
    },
    "node_modules/oxlint-tsgolint": {
      "version": "0.11.1",
      "resolved": "https://registry.npmjs.org/oxlint-tsgolint/-/oxlint-tsgolint-0.11.1.tgz",
      "integrity": "sha512-WulCp+0/6RvpM4zPv+dAXybf03QvRA8ATxaBlmj4XMIQqTs5jeq3cUTk48WCt4CpLwKhyyGZPHmjLl1KHQ/cvA==",
      "dev": true,
      "license": "MIT",
      "bin": {
        "tsgolint": "bin/tsgolint.js"
      },
      "optionalDependencies": {
        "@oxlint-tsgolint/darwin-arm64": "0.11.1",
        "@oxlint-tsgolint/darwin-x64": "0.11.1",
        "@oxlint-tsgolint/linux-arm64": "0.11.1",
        "@oxlint-tsgolint/linux-x64": "0.11.1",
        "@oxlint-tsgolint/win32-arm64": "0.11.1",
        "@oxlint-tsgolint/win32-x64": "0.11.1"
      }
    },
    "node_modules/tinypool": {
      "version": "2.0.0",
      "resolved": "https://registry.npmjs.org/tinypool/-/tinypool-2.0.0.tgz",
      "integrity": "sha512-/RX9RzeH2xU5ADE7n2Ykvmi9ED3FBGPAjw9u3zucrNNaEBIO0HPSYgL0NT7+3p147ojeSdaVu08F6hjpv31HJg==",
      "dev": true,
      "license": "MIT",
      "engines": {
        "node": "^20.0.0 || >=22.0.0"
      }
    },
    "node_modules/undici-types": {
      "version": "7.16.0",
      "resolved": "https://registry.npmjs.org/undici-types/-/undici-types-7.16.0.tgz",
      "integrity": "sha512-Zz+aZWSj8LE6zoxD+xrjh4VfkIG8Ya6LvYkZqtUQGJPZjYl53ypCaUwWqo7eI0x66KBGeRo+mlBEkMSeSZ38Nw==",
      "dev": true,
      "license": "MIT"
    }
  },
  "dependencies": {
    "@oxfmt/darwin-arm64": {
      "version": "0.24.0",
      "resolved": "https://registry.npmjs.org/@oxfmt/darwin-arm64/-/darwin-arm64-0.24.0.tgz",
      "integrity": "sha512-aYXuGf/yq8nsyEcHindGhiz9I+GEqLkVq8CfPbd+6VE259CpPEH+CaGHEO1j6vIOmNr8KHRq+IAjeRO2uJpb8A==",
      "dev": true,
      "optional": true
    },
    "@oxfmt/darwin-x64": {
      "version": "0.24.0",
      "resolved": "https://registry.npmjs.org/@oxfmt/darwin-x64/-/darwin-x64-0.24.0.tgz",
      "integrity": "sha512-vs3b8Bs53hbiNvcNeBilzE/+IhDTWKjSBB3v/ztr664nZk65j0xr+5IHMBNz3CFppmX7o/aBta2PxY+t+4KoPg==",
      "dev": true,
      "optional": true
    },
    "@oxfmt/linux-arm64-gnu": {
      "version": "0.24.0",
      "resolved": "https://registry.npmjs.org/@oxfmt/linux-arm64-gnu/-/linux-arm64-gnu-0.24.0.tgz",
      "integrity": "sha512-ItPDOPoQ0wLj/s8osc5ch57uUcA1Wk8r0YdO8vLRpXA3UNg7KPOm1vdbkIZRRiSUphZcuX5ioOEetEK8H7RlTw==",
      "dev": true,
      "optional": true
    },
    "@oxfmt/linux-arm64-musl": {
      "version": "0.24.0",
      "resolved": "https://registry.npmjs.org/@oxfmt/linux-arm64-musl/-/linux-arm64-musl-0.24.0.tgz",
      "integrity": "sha512-JkQO3WnQjQTJONx8nxdgVBfl6BBFfpp9bKhChYhWeakwJdr7QPOAWJ/v3FGZfr0TbqINwnNR74aVZayDDRyXEA==",
      "dev": true,
      "optional": true
    },
    "@oxfmt/linux-x64-gnu": {
      "version": "0.24.0",
      "resolved": "https://registry.npmjs.org/@oxfmt/linux-x64-gnu/-/linux-x64-gnu-0.24.0.tgz",
      "integrity": "sha512-N/SXlFO+2kak5gMt0oxApi0WXQDhwA0PShR0UbkY0PwtHjfSiDqJSOumyNqgQVoroKr1GNnoRmUqjZIz6DKIcw==",
      "dev": true,
      "optional": true
    },
    "@oxfmt/linux-x64-musl": {
      "version": "0.24.0",
      "resolved": "https://registry.npmjs.org/@oxfmt/linux-x64-musl/-/linux-x64-musl-0.24.0.tgz",
      "integrity": "sha512-WM0pek5YDCQf50XQ7GLCE9sMBCMPW/NPAEPH/Hx6Qyir37lEsP4rUmSECo/QFNTU6KBc9NnsviAyJruWPpCMXw==",
      "dev": true,
      "optional": true
    },
    "@oxfmt/win32-arm64": {
      "version": "0.24.0",
      "resolved": "https://registry.npmjs.org/@oxfmt/win32-arm64/-/win32-arm64-0.24.0.tgz",
      "integrity": "sha512-vFCseli1KWtwdHrVlT/jWfZ8jP8oYpnPPEjI23mPLW8K/6GEJmmvy0PZP5NpWUFNTzX0lqie58XnrATJYAe9Xw==",
      "dev": true,
      "optional": true
    },
    "@oxfmt/win32-x64": {
      "version": "0.24.0",
      "resolved": "https://registry.npmjs.org/@oxfmt/win32-x64/-/win32-x64-0.24.0.tgz",
      "integrity": "sha512-0tmlNzcyewAnauNeBCq0xmAkmiKzl+H09p0IdHy+QKrTQdtixtf+AOjDAADbRfihkS+heF15Pjc4IyJMdAAJjw==",
      "dev": true,
      "optional": true
    },
    "@oxlint-tsgolint/darwin-arm64": {
      "version": "0.11.1",
      "resolved": "https://registry.npmjs.org/@oxlint-tsgolint/darwin-arm64/-/darwin-arm64-0.11.1.tgz",
      "integrity": "sha512-UJIOFeJZpFTJIGS+bMdFXcvjslvnXBEouMvzynfQD7RTazcFIRLbokYgEbhrN2P6B352Ut1TUtvR0CLAp/9QfA==",
      "dev": true,
      "optional": true
    },
    "@oxlint-tsgolint/darwin-x64": {
      "version": "0.11.1",
      "resolved": "https://registry.npmjs.org/@oxlint-tsgolint/darwin-x64/-/darwin-x64-0.11.1.tgz",
      "integrity": "sha512-68O8YvexIm+ISZKl2vBFII1dMfLrteDyPcuCIecDuiBIj2tV0KYq13zpSCMz4dvJUWJW6RmOOGZKrkkvOAy6uQ==",
      "dev": true,
      "optional": true
    },
    "@oxlint-tsgolint/linux-arm64": {
      "version": "0.11.1",
      "resolved": "https://registry.npmjs.org/@oxlint-tsgolint/linux-arm64/-/linux-arm64-0.11.1.tgz",
      "integrity": "sha512-hXBInrFxPNbPPbPQYozo8YpSsFFYdtHBWRUiLMxul71vTy1CdSA7H5Qq2KbrKomr/ASmhvIDVAQZxh9hIJNHMA==",
      "dev": true,
      "optional": true
    },
    "@oxlint-tsgolint/linux-x64": {
      "version": "0.11.1",
      "resolved": "https://registry.npmjs.org/@oxlint-tsgolint/linux-x64/-/linux-x64-0.11.1.tgz",
      "integrity": "sha512-aMaGctlwrJhaIQPOdVJR+AGHZGPm4D1pJ457l0SqZt4dLXAhuUt2ene6cUUGF+864R7bDyFVGZqbZHODYpENyA==",
      "dev": true,
      "optional": true
    },
    "@oxlint-tsgolint/win32-arm64": {
      "version": "0.11.1",
      "resolved": "https://registry.npmjs.org/@oxlint-tsgolint/win32-arm64/-/win32-arm64-0.11.1.tgz",
      "integrity": "sha512-ipOs6kKo8fz5n5LSHvcbyZFmEpEIsh2m7+B03RW3jGjBEPMiXb4PfKNuxnusFYTtJM9WaR3bCVm5UxeJTA8r3w==",
      "dev": true,
      "optional": true
    },
    "@oxlint-tsgolint/win32-x64": {
      "version": "0.11.1",
      "resolved": "https://registry.npmjs.org/@oxlint-tsgolint/win32-x64/-/win32-x64-0.11.1.tgz",
      "integrity": "sha512-m2apsAXg6qU3ulQG45W/qshyEpOjoL+uaQyXJG5dBoDoa66XPtCaSkBlKltD0EwGu0aoB8lM4I5I3OzQ6raNhw==",
      "dev": true,
      "optional": true
    },
    "@oxlint/darwin-arm64": {
      "version": "1.39.0",
      "resolved": "https://registry.npmjs.org/@oxlint/darwin-arm64/-/darwin-arm64-1.39.0.tgz",
      "integrity": "sha512-lT3hNhIa02xCujI6YGgjmYGg3Ht/X9ag5ipUVETaMpx5Rd4BbTNWUPif1WN1YZHxt3KLCIqaAe7zVhatv83HOQ==",
      "dev": true,
      "optional": true
    },
    "@oxlint/darwin-x64": {
      "version": "1.39.0",
      "resolved": "https://registry.npmjs.org/@oxlint/darwin-x64/-/darwin-x64-1.39.0.tgz",
      "integrity": "sha512-UT+rfTWd+Yr7iJeSLd/7nF8X4gTYssKh+n77hxl6Oilp3NnG1CKRHxZDy3o3lIBnwgzJkdyUAiYWO1bTMXQ1lA==",
      "dev": true,
      "optional": true
    },
    "@oxlint/linux-arm64-gnu": {
      "version": "1.39.0",
      "resolved": "https://registry.npmjs.org/@oxlint/linux-arm64-gnu/-/linux-arm64-gnu-1.39.0.tgz",
      "integrity": "sha512-qocBkvS2V6rH0t9AT3DfQunMnj3xkM7srs5/Ycj2j5ZqMoaWd/FxHNVJDFP++35roKSvsRJoS0mtA8/77jqm6Q==",
      "dev": true,
      "optional": true
    },
    "@oxlint/linux-arm64-musl": {
      "version": "1.39.0",
      "resolved": "https://registry.npmjs.org/@oxlint/linux-arm64-musl/-/linux-arm64-musl-1.39.0.tgz",
      "integrity": "sha512-arZzAc1PPcz9epvGBBCMHICeyQloKtHX3eoOe62B3Dskn7gf6Q14wnDHr1r9Vp4vtcBATNq6HlKV14smdlC/qA==",
      "dev": true,
      "optional": true
    },
    "@oxlint/linux-x64-gnu": {
      "version": "1.39.0",
      "resolved": "https://registry.npmjs.org/@oxlint/linux-x64-gnu/-/linux-x64-gnu-1.39.0.tgz",
      "integrity": "sha512-ZVt5qsECpuNprdWxAPpDBwoixr1VTcZ4qAEQA2l/wmFyVPDYFD3oBY/SWACNnWBddMrswjTg9O8ALxYWoEpmXw==",
      "dev": true,
      "optional": true
    },
    "@oxlint/linux-x64-musl": {
      "version": "1.39.0",
      "resolved": "https://registry.npmjs.org/@oxlint/linux-x64-musl/-/linux-x64-musl-1.39.0.tgz",
      "integrity": "sha512-pB0hlGyKPbxr9NMIV783lD6cWL3MpaqnZRM9MWni4yBdHPTKyFNYdg5hGD0Bwg+UP4S2rOevq/+OO9x9Bi7E6g==",
      "dev": true,
      "optional": true
    },
    "@oxlint/win32-arm64": {
      "version": "1.39.0",
      "resolved": "https://registry.npmjs.org/@oxlint/win32-arm64/-/win32-arm64-1.39.0.tgz",
      "integrity": "sha512-Gg2SFaJohI9+tIQVKXlPw3FsPQFi/eCSWiCgwPtPn5uzQxHRTeQEZKuluz1fuzR5U70TXubb2liZi4Dgl8LJQA==",
      "dev": true,
      "optional": true
    },
    "@oxlint/win32-x64": {
      "version": "1.39.0",
      "resolved": "https://registry.npmjs.org/@oxlint/win32-x64/-/win32-x64-1.39.0.tgz",
      "integrity": "sha512-sbi25lfj74hH+6qQtb7s1wEvd1j8OQbTaH8v3xTcDjrwm579Cyh0HBv1YSZ2+gsnVwfVDiCTL1D0JsNqYXszVA==",
      "dev": true,
      "optional": true
    },
    "@types/node": {
      "version": "24.10.9",
      "resolved": "https://registry.npmjs.org/@types/node/-/node-24.10.9.tgz",
      "integrity": "sha512-ne4A0IpG3+2ETuREInjPNhUGis1SFjv1d5asp8MzEAGtOZeTeHVDOYqOgqfhvseqg/iXty2hjBf1zAOb7RNiNw==",
      "dev": true,
      "requires": {
        "undici-types": "~7.16.0"
      }
    },
    "@typescript/native-preview": {
      "version": "7.0.0-dev.20260117.1",
      "resolved": "https://registry.npmjs.org/@typescript/native-preview/-/native-preview-7.0.0-dev.20260117.1.tgz",
      "integrity": "sha512-5peFvGyf+TOlU6KYMLzfPiPJdxYwG0O/oQN4Z+EzDOzrN8tbY/H58+QOQww4Lo8m4b7+4o/0r+zopD/sYR6uMw==",
      "dev": true,
      "requires": {
        "@typescript/native-preview-darwin-arm64": "7.0.0-dev.20260117.1",
        "@typescript/native-preview-darwin-x64": "7.0.0-dev.20260117.1",
        "@typescript/native-preview-linux-arm": "7.0.0-dev.20260117.1",
        "@typescript/native-preview-linux-arm64": "7.0.0-dev.20260117.1",
        "@typescript/native-preview-linux-x64": "7.0.0-dev.20260117.1",
        "@typescript/native-preview-win32-arm64": "7.0.0-dev.20260117.1",
        "@typescript/native-preview-win32-x64": "7.0.0-dev.20260117.1"
      }
    },
    "@typescript/native-preview-darwin-arm64": {
      "version": "7.0.0-dev.20260117.1",
      "resolved": "https://registry.npmjs.org/@typescript/native-preview-darwin-arm64/-/native-preview-darwin-arm64-7.0.0-dev.20260117.1.tgz",
      "integrity": "sha512-sf8/7keXq1auS7XI0vyAs3t/vgss4/EwACZmzSYtO75dug8TRmuSQDPHxx4R16VURijO/GQ3Bz6rA8VivREzsA==",
      "dev": true,
      "optional": true
    },
    "@typescript/native-preview-darwin-x64": {
      "version": "7.0.0-dev.20260117.1",
      "resolved": "https://registry.npmjs.org/@typescript/native-preview-darwin-x64/-/native-preview-darwin-x64-7.0.0-dev.20260117.1.tgz",
      "integrity": "sha512-3DhQdRUbDq7YduIaRYJtH5MXqCzOry+GT4DjkLPJ08vOGOFypZjgd6G+moEQHgitnefisC1PkNcL1baF4B7+og==",
      "dev": true,
      "optional": true
    },
    "@typescript/native-preview-linux-arm": {
      "version": "7.0.0-dev.20260117.1",
      "resolved": "https://registry.npmjs.org/@typescript/native-preview-linux-arm/-/native-preview-linux-arm-7.0.0-dev.20260117.1.tgz",
      "integrity": "sha512-RKSKINs23agj0MJJ2Tzkhe/MuwhcPqRNRRfLmpVRjrNWI43Ta6a5+5Lah+7GYjt00wHUOhay94ZT3iHJkeHATg==",
      "dev": true,
      "optional": true
    },
    "@typescript/native-preview-linux-arm64": {
      "version": "7.0.0-dev.20260117.1",
      "resolved": "https://registry.npmjs.org/@typescript/native-preview-linux-arm64/-/native-preview-linux-arm64-7.0.0-dev.20260117.1.tgz",
      "integrity": "sha512-R9h8cX5C0yBtE8xnpAxZBSHWPiVW3d5o3mup0ei1n/8w98lwtMFLWURnPD8N4kRgql9L40IbRXW6jqWdjDUe4Q==",
      "dev": true,
      "optional": true
    },
    "@typescript/native-preview-linux-x64": {
      "version": "7.0.0-dev.20260117.1",
      "resolved": "https://registry.npmjs.org/@typescript/native-preview-linux-x64/-/native-preview-linux-x64-7.0.0-dev.20260117.1.tgz",
      "integrity": "sha512-KI5UprUMIVT4wehBcbGZQm0I3z1uls8fsOmCUzdEpmaLpVu8NbTahgJPVtMyS/nDUiN3At4Uj8ciL36kgbqRmQ==",
      "dev": true,
      "optional": true
    },
    "@typescript/native-preview-win32-arm64": {
      "version": "7.0.0-dev.20260117.1",
      "resolved": "https://registry.npmjs.org/@typescript/native-preview-win32-arm64/-/native-preview-win32-arm64-7.0.0-dev.20260117.1.tgz",
      "integrity": "sha512-dUJTLMD24TQ4XiyYAxxqKs6hPrq8wS9BiFt+ucjCuWXBGQLbnfiT4bgYz2a4yfbtyxVkG7mxV8udo+gRXtaWRQ==",
      "dev": true,
      "optional": true
    },
    "@typescript/native-preview-win32-x64": {
      "version": "7.0.0-dev.20260117.1",
      "resolved": "https://registry.npmjs.org/@typescript/native-preview-win32-x64/-/native-preview-win32-x64-7.0.0-dev.20260117.1.tgz",
      "integrity": "sha512-SdKCAtNZee2TMdZ/bGjfKWX43qIAZhBwLlkPU1G0uxKqmDG1mVRbg/krxm5MnKOjFL00X/gozth6d3LmimonnA==",
      "dev": true,
      "optional": true
    },
    "fun-dispatcher": {
      "version": "1.2.6",
      "resolved": "https://registry.npmjs.org/fun-dispatcher/-/fun-dispatcher-1.2.6.tgz",
      "integrity": "sha512-lw6LoVrReV6qlaADvy0ua9a1f3W9qGLd8BBfLnzIV0YCfZd3jo5caZsgBBGOw/tO50P783iFEK8aTSwtQ67KDQ=="
    },
    "oxfmt": {
      "version": "0.24.0",
      "resolved": "https://registry.npmjs.org/oxfmt/-/oxfmt-0.24.0.tgz",
      "integrity": "sha512-UjeM3Peez8Tl7IJ9s5UwAoZSiDRMww7BEc21gDYxLq3S3/KqJnM3mjNxsoSHgmBvSeX6RBhoVc2MfC/+96RdSw==",
      "dev": true,
      "requires": {
        "@oxfmt/darwin-arm64": "0.24.0",
        "@oxfmt/darwin-x64": "0.24.0",
        "@oxfmt/linux-arm64-gnu": "0.24.0",
        "@oxfmt/linux-arm64-musl": "0.24.0",
        "@oxfmt/linux-x64-gnu": "0.24.0",
        "@oxfmt/linux-x64-musl": "0.24.0",
        "@oxfmt/win32-arm64": "0.24.0",
        "@oxfmt/win32-x64": "0.24.0",
        "tinypool": "2.0.0"
      }
    },
    "oxlint": {
      "version": "1.39.0",
      "resolved": "https://registry.npmjs.org/oxlint/-/oxlint-1.39.0.tgz",
      "integrity": "sha512-wSiLr0wjG+KTU6c1LpVoQk7JZ7l8HCKlAkVDVTJKWmCGazsNxexxnOXl7dsar92mQcRnzko5g077ggP3RINSjA==",
      "dev": true,
      "requires": {
        "@oxlint/darwin-arm64": "1.39.0",
        "@oxlint/darwin-x64": "1.39.0",
        "@oxlint/linux-arm64-gnu": "1.39.0",
        "@oxlint/linux-arm64-musl": "1.39.0",
        "@oxlint/linux-x64-gnu": "1.39.0",
        "@oxlint/linux-x64-musl": "1.39.0",
        "@oxlint/win32-arm64": "1.39.0",
        "@oxlint/win32-x64": "1.39.0"
      }
    },
    "oxlint-tsgolint": {
      "version": "0.11.1",
      "resolved": "https://registry.npmjs.org/oxlint-tsgolint/-/oxlint-tsgolint-0.11.1.tgz",
      "integrity": "sha512-WulCp+0/6RvpM4zPv+dAXybf03QvRA8ATxaBlmj4XMIQqTs5jeq3cUTk48WCt4CpLwKhyyGZPHmjLl1KHQ/cvA==",
      "dev": true,
      "requires": {
        "@oxlint-tsgolint/darwin-arm64": "0.11.1",
        "@oxlint-tsgolint/darwin-x64": "0.11.1",
        "@oxlint-tsgolint/linux-arm64": "0.11.1",
        "@oxlint-tsgolint/linux-x64": "0.11.1",
        "@oxlint-tsgolint/win32-arm64": "0.11.1",
        "@oxlint-tsgolint/win32-x64": "0.11.1"
      }
    },
    "tinypool": {
      "version": "2.0.0",
      "resolved": "https://registry.npmjs.org/tinypool/-/tinypool-2.0.0.tgz",
      "integrity": "sha512-/RX9RzeH2xU5ADE7n2Ykvmi9ED3FBGPAjw9u3zucrNNaEBIO0HPSYgL0NT7+3p147ojeSdaVu08F6hjpv31HJg==",
      "dev": true
    },
    "undici-types": {
      "version": "7.16.0",
      "resolved": "https://registry.npmjs.org/undici-types/-/undici-types-7.16.0.tgz",
      "integrity": "sha512-Zz+aZWSj8LE6zoxD+xrjh4VfkIG8Ya6LvYkZqtUQGJPZjYl53ypCaUwWqo7eI0x66KBGeRo+mlBEkMSeSZ38Nw==",
      "dev": true
    }
  }
}
